<Solution>
  <Folder Name="/src/">
    <Project Path="src/Borgonha.Api/Borgonha.Api.csproj" />
    <Project Path="src/Borgonha.Domain/Borgonha.Domain.csproj" />
    <Project Path="src/Borgonha.Service/Borgonha.Service.csproj" />
    <Project Path="src/Borgonha.Infrastructure/Borgonha.Infrastructure.csproj" />
  </Folder>
</Solution>
